<?xml version="1.0" encoding="UTF-8" standalone="yes" ?>
<CodeBlocks_project_file>
	<FileVersion major="1" minor="6" />
	<Project>
		<Option title="landVehicles" />
		<Option pch_mode="2" />
		<Option compiler="gcc" />
		<Build>
			<Target title="Debug">
				<Option output="bin/Debug/landVehicles" prefix_auto="1" extension_auto="1" />
				<Option object_output="obj/Debug/" />
				<Option type="1" />
				<Option compiler="gcc" />
				<Compiler>
					<Add option="-g" />
					<Add directory="include" />
				</Compiler>
			</Target>
			<Target title="Release">
				<Option output="bin/Release/landVehicles" prefix_auto="1" extension_auto="1" />
				<Option object_output="obj/Release/" />
				<Option type="1" />
				<Option compiler="gcc" />
				<Compiler>
					<Add option="-O2" />
					<Add directory="include" />
				</Compiler>
				<Linker>
					<Add option="-s" />
				</Linker>
			</Target>
		</Build>
		<Compiler>
			<Add option="-Wall" />
			<Add option="-fexceptions" />
		</Compiler>
		<Unit filename="include/eCar.h" />
		<Unit filename="include/electricVehicleType.h" />
		<Unit filename="include/iCar.h" />
		<Unit filename="include/iceVehicleType.h" />
		<Unit filename="include/landVehicleType.h" />
		<Unit filename="main.cpp" />
		<Unit filename="src/eCar.cpp" />
		<Unit filename="src/electricVehicleType.cpp" />
		<Unit filename="src/iCar.cpp" />
		<Unit filename="src/iceVehicleType.cpp" />
		<Unit filename="src/landVehicleType.cpp" />
		<Extensions>
			<envvars />
			<code_completion />
			<debugger />
			<lib_finder disable_auto="1" />
		</Extensions>
	</Project>
</CodeBlocks_project_file>
